
Microsoft Visual Studio Solution File, Format Version 12.00
# Visual Studio 15
VisualStudioVersion = 15.0.27130.2010
MinimumVisualStudioVersion = 10.0.40219.1
Project("{FAE04EC0-301F-11D3-BF4B-00C04F79EFBC}") = "Metro2033ConfigEditorApp", "Metro2033ConfigEditor\Metro2033ConfigEditorApp.csproj", "{FC9AC2BC-8F16-4B04-B76C-F41622392D80}"
EndProject
Global
	GlobalSection(SolutionConfigurationPlatforms) = preSolution
		Debug|Any CPU = Debug|Any CPU
		Release|Any CPU = Release|Any CPU
	EndGlobalSection
	GlobalSection(ProjectConfigurationPlatforms) = postSolution
		{FC9AC2BC-8F16-4B04-B76C-F41622392D80}.Debug|Any CPU.ActiveCfg = Debug|Any CPU
		{FC9AC2BC-8F16-4B04-B76C-F41622392D80}.Debug|Any CPU.Build.0 = Debug|Any CPU
		{FC9AC2BC-8F16-4B04-B76C-F41622392D80}.Release|Any CPU.ActiveCfg = Release|Any CPU
		{FC9AC2BC-8F16-4B04-B76C-F41622392D80}.Release|Any CPU.Build.0 = Release|Any CPU
	EndGlobalSection
	GlobalSection(SolutionProperties) = preSolution
		HideSolutionNode = FALSE
	EndGlobalSection
	GlobalSection(ExtensibilityGlobals) = postSolution
		SolutionGuid = {4981E2F0-2A03-4ACB-B774-D3E2EB1716FD}
	EndGlobalSection
EndGlobal
